{
  "name": "@gus/opencode-workspace",
  "version": "0.1.0",
  "lockfileVersion": 3,
  "requires": true,
  "packages": {
    "": {
      "name": "@gus/opencode-workspace",
      "version": "0.1.0",
      "hasInstallScript": true,
      "license": "MIT",
      "bin": {
        "opencode-workspace": "bin/cli.js",
        "ow": "bin/cli.js"
      },
      "engines": {
        "node": ">=18"
      }
    }
  }
}
